
Microsoft Visual Studio Solution File, Format Version 12.00
# Visual Studio 15
VisualStudioVersion = 15.0.27004.2006
MinimumVisualStudioVersion = 10.0.40219.1
Project("{FAE04EC0-301F-11D3-BF4B-00C04F79EFBC}") = "SevenWonders.WebAPI", "SevenWonders.WebAPI\SevenWonders.WebAPI.csproj", "{A8100E1F-017B-430B-A1D5-9CF919BFEC19}"
EndProject
Project("{FAE04EC0-301F-11D3-BF4B-00C04F79EFBC}") = "SevenWonders.WebAPI.Tests", "SevenWonders.WebAPI.Tests\SevenWonders.WebAPI.Tests.csproj", "{7290C015-B973-4898-A4AF-9B465CC203EA}"
EndProject
Project("{FAE04EC0-301F-11D3-BF4B-00C04F79EFBC}") = "SevenWonders.Receiver", "SevenWonders.Receiver\SevenWonders.Receiver.csproj", "{F8A8FA01-B34D-49A3-8377-61C6BAC3ADBC}"
EndProject
Global
	GlobalSection(SolutionConfigurationPlatforms) = preSolution
		Debug|Any CPU = Debug|Any CPU
		Release|Any CPU = Release|Any CPU
	EndGlobalSection
	GlobalSection(ProjectConfigurationPlatforms) = postSolution
		{A8100E1F-017B-430B-A1D5-9CF919BFEC19}.Debug|Any CPU.ActiveCfg = Debug|Any CPU
		{A8100E1F-017B-430B-A1D5-9CF919BFEC19}.Debug|Any CPU.Build.0 = Debug|Any CPU
		{A8100E1F-017B-430B-A1D5-9CF919BFEC19}.Release|Any CPU.ActiveCfg = Release|Any CPU
		{A8100E1F-017B-430B-A1D5-9CF919BFEC19}.Release|Any CPU.Build.0 = Release|Any CPU
		{7290C015-B973-4898-A4AF-9B465CC203EA}.Debug|Any CPU.ActiveCfg = Debug|Any CPU
		{7290C015-B973-4898-A4AF-9B465CC203EA}.Debug|Any CPU.Build.0 = Debug|Any CPU
		{7290C015-B973-4898-A4AF-9B465CC203EA}.Release|Any CPU.ActiveCfg = Release|Any CPU
		{7290C015-B973-4898-A4AF-9B465CC203EA}.Release|Any CPU.Build.0 = Release|Any CPU
		{F8A8FA01-B34D-49A3-8377-61C6BAC3ADBC}.Debug|Any CPU.ActiveCfg = Debug|Any CPU
		{F8A8FA01-B34D-49A3-8377-61C6BAC3ADBC}.Debug|Any CPU.Build.0 = Debug|Any CPU
		{F8A8FA01-B34D-49A3-8377-61C6BAC3ADBC}.Release|Any CPU.ActiveCfg = Release|Any CPU
		{F8A8FA01-B34D-49A3-8377-61C6BAC3ADBC}.Release|Any CPU.Build.0 = Release|Any CPU
	EndGlobalSection
	GlobalSection(SolutionProperties) = preSolution
		HideSolutionNode = FALSE
	EndGlobalSection
	GlobalSection(ExtensibilityGlobals) = postSolution
		SolutionGuid = {98AEBC13-4A8D-4CD4-AE1C-7BF8970B21B0}
	EndGlobalSection
EndGlobal
